
Microsoft Visual Studio Solution File, Format Version 12.00
# Visual Studio 14
VisualStudioVersion = 14.0.23107.0
MinimumVisualStudioVersion = 10.0.40219.1
Project("{FAE04EC0-301F-11D3-BF4B-00C04F79EFBC}") = "WordCount", "WordCount\WordCount.csproj", "{E9C53F33-1DE1-4ACA-80BC-DCAAE21B5E1C}"
EndProject
Project("{2150E333-8FDC-42A3-9474-1A3956D46DE8}") = "src", "src", "{3BCBA2CF-B66D-455D-9D1A-94C0B5185040}"
EndProject
Project("{2150E333-8FDC-42A3-9474-1A3956D46DE8}") = "test", "test", "{187F0668-EE4D-48EF-8EBD-5D2A96D97C8A}"
EndProject
Project("{FAE04EC0-301F-11D3-BF4B-00C04F79EFBC}") = "WordCountTest", "WordCountTest\WordCountTest.csproj", "{2B86FA07-2177-4AB2-BC67-57F9CB072195}"
EndProject
Global
	GlobalSection(SolutionConfigurationPlatforms) = preSolution
		Debug|Any CPU = Debug|Any CPU
		Release|Any CPU = Release|Any CPU
	EndGlobalSection
	GlobalSection(ProjectConfigurationPlatforms) = postSolution
		{E9C53F33-1DE1-4ACA-80BC-DCAAE21B5E1C}.Debug|Any CPU.ActiveCfg = Debug|Any CPU
		{E9C53F33-1DE1-4ACA-80BC-DCAAE21B5E1C}.Debug|Any CPU.Build.0 = Debug|Any CPU
		{E9C53F33-1DE1-4ACA-80BC-DCAAE21B5E1C}.Release|Any CPU.ActiveCfg = Release|Any CPU
		{E9C53F33-1DE1-4ACA-80BC-DCAAE21B5E1C}.Release|Any CPU.Build.0 = Release|Any CPU
		{2B86FA07-2177-4AB2-BC67-57F9CB072195}.Debug|Any CPU.ActiveCfg = Debug|Any CPU
		{2B86FA07-2177-4AB2-BC67-57F9CB072195}.Debug|Any CPU.Build.0 = Debug|Any CPU
		{2B86FA07-2177-4AB2-BC67-57F9CB072195}.Release|Any CPU.ActiveCfg = Release|Any CPU
		{2B86FA07-2177-4AB2-BC67-57F9CB072195}.Release|Any CPU.Build.0 = Release|Any CPU
	EndGlobalSection
	GlobalSection(SolutionProperties) = preSolution
		HideSolutionNode = FALSE
	EndGlobalSection
	GlobalSection(NestedProjects) = preSolution
		{E9C53F33-1DE1-4ACA-80BC-DCAAE21B5E1C} = {3BCBA2CF-B66D-455D-9D1A-94C0B5185040}
		{2B86FA07-2177-4AB2-BC67-57F9CB072195} = {187F0668-EE4D-48EF-8EBD-5D2A96D97C8A}
	EndGlobalSection
EndGlobal
